
Microsoft Visual Studio Solution File, Format Version 12.00
# Visual Studio Version 17
VisualStudioVersion = 17.1.32228.430
MinimumVisualStudioVersion = 10.0.40219.1
Project("{FAE04EC0-301F-11D3-BF4B-00C04F79EFBC}") = "ConsoleAppEntityFramework", "ConsoleAppEntityFramework\ConsoleAppEntityFramework.csproj", "{4ECEDC5F-68A1-496E-BBAE-2CAC4DC30456}"
EndProject
Global
	GlobalSection(SolutionConfigurationPlatforms) = preSolution
		Debug|Any CPU = Debug|Any CPU
		Release|Any CPU = Release|Any CPU
	EndGlobalSection
	GlobalSection(ProjectConfigurationPlatforms) = postSolution
		{4ECEDC5F-68A1-496E-BBAE-2CAC4DC30456}.Debug|Any CPU.ActiveCfg = Debug|Any CPU
		{4ECEDC5F-68A1-496E-BBAE-2CAC4DC30456}.Debug|Any CPU.Build.0 = Debug|Any CPU
		{4ECEDC5F-68A1-496E-BBAE-2CAC4DC30456}.Release|Any CPU.ActiveCfg = Release|Any CPU
		{4ECEDC5F-68A1-496E-BBAE-2CAC4DC30456}.Release|Any CPU.Build.0 = Release|Any CPU
	EndGlobalSection
	GlobalSection(SolutionProperties) = preSolution
		HideSolutionNode = FALSE
	EndGlobalSection
	GlobalSection(ExtensibilityGlobals) = postSolution
		SolutionGuid = {9CB9F218-0F15-4405-BC09-9F69CABCF0CE}
	EndGlobalSection
EndGlobal
